
Microsoft Visual Studio Solution File, Format Version 12.00
# Visual Studio Version 17
VisualStudioVersion = 17.1.32210.238
MinimumVisualStudioVersion = 10.0.40219.1
Project("{FAE04EC0-301F-11D3-BF4B-00C04F79EFBC}") = "Algorithms", "Algorithms.csproj", "{2EF7D769-289B-4746-BEC2-87D6F2C60805}"
EndProject
Global
	GlobalSection(SolutionConfigurationPlatforms) = preSolution
		Debug|Any CPU = Debug|Any CPU
		Release|Any CPU = Release|Any CPU
	EndGlobalSection
	GlobalSection(ProjectConfigurationPlatforms) = postSolution
		{2EF7D769-289B-4746-BEC2-87D6F2C60805}.Debug|Any CPU.ActiveCfg = Debug|Any CPU
		{2EF7D769-289B-4746-BEC2-87D6F2C60805}.Debug|Any CPU.Build.0 = Debug|Any CPU
		{2EF7D769-289B-4746-BEC2-87D6F2C60805}.Release|Any CPU.ActiveCfg = Release|Any CPU
		{2EF7D769-289B-4746-BEC2-87D6F2C60805}.Release|Any CPU.Build.0 = Release|Any CPU
	EndGlobalSection
	GlobalSection(SolutionProperties) = preSolution
		HideSolutionNode = FALSE
	EndGlobalSection
	GlobalSection(ExtensibilityGlobals) = postSolution
		SolutionGuid = {D1586D21-A443-460D-B43B-62312D777051}
	EndGlobalSection
EndGlobal
